
Microsoft Visual Studio Solution File, Format Version 12.00
# Visual Studio Version 17
VisualStudioVersion = 17.10.35027.167
MinimumVisualStudioVersion = 10.0.40219.1
Project("{FAE04EC0-301F-11D3-BF4B-00C04F79EFBC}") = "BussisnesLayer", "BussisnesLayer\BussisnesLayer.csproj", "{33E07430-44A7-4216-86DB-4FA118B6BC74}"
EndProject
Project("{FAE04EC0-301F-11D3-BF4B-00C04F79EFBC}") = "CommonLayer", "CommonLayer\CommonLayer.csproj", "{F74BD8A3-5A63-4D51-8601-F88270223D79}"
EndProject
Project("{FAE04EC0-301F-11D3-BF4B-00C04F79EFBC}") = "DataAccessLayer", "DataAccessLayer\DataAccessLayer.csproj", "{093BA8C4-8B39-4E64-BBDA-4246670AADCA}"
EndProject
Project("{FAE04EC0-301F-11D3-BF4B-00C04F79EFBC}") = "PresentationLayer", "PresentationLayer\PresentationLayer.csproj", "{54FB366A-2B88-46CD-9A89-9C3E92DE80B0}"
EndProject
Global
	GlobalSection(SolutionConfigurationPlatforms) = preSolution
		Debug|Any CPU = Debug|Any CPU
		Release|Any CPU = Release|Any CPU
	EndGlobalSection
	GlobalSection(ProjectConfigurationPlatforms) = postSolution
		{33E07430-44A7-4216-86DB-4FA118B6BC74}.Debug|Any CPU.ActiveCfg = Debug|Any CPU
		{33E07430-44A7-4216-86DB-4FA118B6BC74}.Debug|Any CPU.Build.0 = Debug|Any CPU
		{33E07430-44A7-4216-86DB-4FA118B6BC74}.Release|Any CPU.ActiveCfg = Release|Any CPU
		{33E07430-44A7-4216-86DB-4FA118B6BC74}.Release|Any CPU.Build.0 = Release|Any CPU
		{F74BD8A3-5A63-4D51-8601-F88270223D79}.Debug|Any CPU.ActiveCfg = Debug|Any CPU
		{F74BD8A3-5A63-4D51-8601-F88270223D79}.Debug|Any CPU.Build.0 = Debug|Any CPU
		{F74BD8A3-5A63-4D51-8601-F88270223D79}.Release|Any CPU.ActiveCfg = Release|Any CPU
		{F74BD8A3-5A63-4D51-8601-F88270223D79}.Release|Any CPU.Build.0 = Release|Any CPU
		{093BA8C4-8B39-4E64-BBDA-4246670AADCA}.Debug|Any CPU.ActiveCfg = Debug|Any CPU
		{093BA8C4-8B39-4E64-BBDA-4246670AADCA}.Debug|Any CPU.Build.0 = Debug|Any CPU
		{093BA8C4-8B39-4E64-BBDA-4246670AADCA}.Release|Any CPU.ActiveCfg = Release|Any CPU
		{093BA8C4-8B39-4E64-BBDA-4246670AADCA}.Release|Any CPU.Build.0 = Release|Any CPU
		{54FB366A-2B88-46CD-9A89-9C3E92DE80B0}.Debug|Any CPU.ActiveCfg = Debug|Any CPU
		{54FB366A-2B88-46CD-9A89-9C3E92DE80B0}.Debug|Any CPU.Build.0 = Debug|Any CPU
		{54FB366A-2B88-46CD-9A89-9C3E92DE80B0}.Release|Any CPU.ActiveCfg = Release|Any CPU
		{54FB366A-2B88-46CD-9A89-9C3E92DE80B0}.Release|Any CPU.Build.0 = Release|Any CPU
	EndGlobalSection
	GlobalSection(SolutionProperties) = preSolution
		HideSolutionNode = FALSE
	EndGlobalSection
	GlobalSection(ExtensibilityGlobals) = postSolution
		SolutionGuid = {EBFDED99-8963-42B9-8EA9-20A58E89FA94}
	EndGlobalSection
EndGlobal
